{
  "version": 4,
  "terraform_version": "1.13.3",
  "serial": 56,
  "lineage": "2ca2501c-057a-d157-54c2-a9d42ddfa487",
  "outputs": {
    "web_app_url": {
      "value": "http://54.242.127.221",
      "type": "string"
    }
  },
  "resources": [
    {
      "mode": "managed",
      "type": "aws_instance",
      "name": "node_nginx_app",
      "provider": "provider[\"registry.terraform.io/hashicorp/aws\"]",
      "instances": [
        {
          "schema_version": 2,
          "attributes": {
            "ami": "ami-052064a798f08f0d3",
            "arn": "arn:aws:ec2:us-east-1:161156235135:instance/i-03a925e11105f0910",
            "associate_public_ip_address": true,
            "availability_zone": "us-east-1b",
            "capacity_reservation_specification": [
              {
                "capacity_reservation_preference": "open",
                "capacity_reservation_target": []
              }
            ],
            "cpu_options": [
              {
                "amd_sev_snp": "",
                "core_count": 1,
                "threads_per_core": 2
              }
            ],
            "credit_specification": [
              {
                "cpu_credits": "unlimited"
              }
            ],
            "disable_api_stop": false,
            "disable_api_termination": false,
            "ebs_block_device": [],
            "ebs_optimized": false,
            "enable_primary_ipv6": null,
            "enclave_options": [
              {
                "enabled": false
              }
            ],
            "ephemeral_block_device": [],
            "force_destroy": false,
            "get_password_data": false,
            "hibernation": false,
            "host_id": "",
            "host_resource_group_arn": null,
            "iam_instance_profile": "",
            "id": "i-03a925e11105f0910",
            "instance_initiated_shutdown_behavior": "stop",
            "instance_lifecycle": "",
            "instance_market_options": [],
            "instance_state": "running",
            "instance_type": "t3.micro",
            "ipv6_address_count": 0,
            "ipv6_addresses": [],
            "key_name": "terra-key",
            "launch_template": [],
            "maintenance_options": [
              {
                "auto_recovery": "default"
              }
            ],
            "metadata_options": [
              {
                "http_endpoint": "enabled",
                "http_protocol_ipv6": "disabled",
                "http_put_response_hop_limit": 2,
                "http_tokens": "required",
                "instance_metadata_tags": "disabled"
              }
            ],
            "monitoring": false,
            "network_interface": [],
            "outpost_arn": "",
            "password_data": "",
            "placement_group": "",
            "placement_group_id": "",
            "placement_partition_number": 0,
            "primary_network_interface": [
              {
                "delete_on_termination": true,
                "network_interface_id": "eni-0d5fc9cfbaa0a3140"
              }
            ],
            "primary_network_interface_id": "eni-0d5fc9cfbaa0a3140",
            "private_dns": "ip-172-31-22-77.ec2.internal",
            "private_dns_name_options": [
              {
                "enable_resource_name_dns_a_record": false,
                "enable_resource_name_dns_aaaa_record": false,
                "hostname_type": "ip-name"
              }
            ],
            "private_ip": "172.31.22.77",
            "public_dns": "ec2-54-242-127-221.compute-1.amazonaws.com",
            "public_ip": "54.242.127.221",
            "region": "us-east-1",
            "root_block_device": [
              {
                "delete_on_termination": true,
                "device_name": "/dev/xvda",
                "encrypted": false,
                "iops": 3000,
                "kms_key_id": "",
                "tags": {},
                "tags_all": {},
                "throughput": 125,
                "volume_id": "vol-0729b2eacd9dc252b",
                "volume_size": 8,
                "volume_type": "gp3"
              }
            ],
            "secondary_private_ips": [],
            "security_groups": [
              "node_nginx_sg"
            ],
            "source_dest_check": true,
            "spot_instance_request_id": "",
            "subnet_id": "subnet-05a6fc164376e8db6",
            "tags": {
              "Name": "Terraform-NodeApp-Nginx"
            },
            "tags_all": {
              "Name": "Terraform-NodeApp-Nginx"
            },
            "tenancy": "default",
            "timeouts": null,
            "user_data": "#!/bin/bash\r\nyum update -y\r\n\r\n# Install Node.js\r\ncurl -sL https://rpm.nodesource.com/setup_16.x | bash -\r\nyum install -y nodejs git nginx\r\n\r\n# Create Node.js app\r\nmkdir -p /home/ec2-user/nodeapp\r\ncd /home/ec2-user/nodeapp\r\n\r\ncat \u003c\u003cEOT \u003e index.js\r\nconst http = require('http');\r\nconst port = 3000;\r\nconst server = http.createServer((req, res) =\u003e {\r\n  res.statusCode = 200;\r\n  res.setHeader('Content-Type', 'text/plain');\r\n  res.end('Hello from Terraform Node.js App behind Nginx 🚀');\r\n});\r\nserver.listen(port, () =\u003e {\r\n  console.log('Server running at port', port);\r\n});\r\nEOT\r\n\r\n# Create systemd service for Node.js\r\ncat \u003c\u003cEOT \u003e /etc/systemd/system/nodeapp.service\r\n[Unit]\r\nDescription=Node.js App\r\nAfter=network.target\r\n\r\n[Service]\r\nExecStart=/usr/bin/node /home/ec2-user/nodeapp/index.js\r\nRestart=always\r\nUser=ec2-user\r\nEnvironment=PATH=/usr/bin:/usr/local/bin\r\nWorkingDirectory=/home/ec2-user/nodeapp\r\n\r\n[Install]\r\nWantedBy=multi-user.target\r\nEOT\r\n\r\nsystemctl daemon-reload\r\nsystemctl enable nodeapp\r\nsystemctl start nodeapp\r\n\r\n# Configure Nginx as reverse proxy\r\ncat \u003c\u003cEOT \u003e /etc/nginx/conf.d/nodeapp.conf\r\nserver {\r\n    listen 80;\r\n    server_name _;\r\n\r\n    location / {\r\n        proxy_pass http://127.0.0.1:3000;\r\n        proxy_http_version 1.1;\r\n        proxy_set_header Upgrade \\$http_upgrade;\r\n        proxy_set_header Connection 'upgrade';\r\n        proxy_set_header Host \\$host;\r\n        proxy_cache_bypass \\$http_upgrade;\r\n    }\r\n}\r\nEOT\r\n\r\nsystemctl enable nginx\r\nsystemctl restart nginx\r\n",
            "user_data_base64": null,
            "user_data_replace_on_change": false,
            "volume_tags": null,
            "vpc_security_group_ids": [
              "sg-03ff0f0286f98f59c"
            ]
          },
          "sensitive_attributes": [],
          "identity_schema_version": 0,
          "identity": {
            "account_id": "161156235135",
            "id": "i-03a925e11105f0910",
            "region": "us-east-1"
          },
          "private": "eyJlMmJmYjczMC1lY2FhLTExZTYtOGY4OC0zNDM2M2JjN2M0YzAiOnsiY3JlYXRlIjo2MDAwMDAwMDAwMDAsImRlbGV0ZSI6MTIwMDAwMDAwMDAwMCwicmVhZCI6OTAwMDAwMDAwMDAwLCJ1cGRhdGUiOjYwMDAwMDAwMDAwMH0sInNjaGVtYV92ZXJzaW9uIjoiMiJ9",
          "dependencies": [
            "aws_key_pair.deployer",
            "aws_security_group.node_nginx_sg"
          ]
        }
      ]
    },
    {
      "mode": "managed",
      "type": "aws_key_pair",
      "name": "deployer",
      "provider": "provider[\"registry.terraform.io/hashicorp/aws\"]",
      "instances": [
        {
          "schema_version": 1,
          "attributes": {
            "arn": "arn:aws:ec2:us-east-1:161156235135:key-pair/terra-key",
            "fingerprint": "4f:16:70:e0:1b:58:e9:76:1c:bd:25:fd:1d:c2:f1:88",
            "id": "terra-key",
            "key_name": "terra-key",
            "key_name_prefix": "",
            "key_pair_id": "key-0afaff55b8ffb29e2",
            "key_type": "rsa",
            "public_key": "ssh-rsa AAAAB3NzaC1yc2EAAAADAQABAAABAQDhJ5rZ/W+ybSL72VPoYHwYdFHOwBPhNK5mpJN1nrUS/vUYlov3oGA3PimWYWRpJWiN7+b0tFv8EAxWszjVY9TMYf3Qa/b8i3wwwWqsqffdjWOo7SyltHCRU0qJ+0D6e0h9knwd0qtooiCm7P8hvpHMvjsmU26PTBR/ESIYqtjULcZiDm6E5vXdtjsxCHjmaUEje7r8+eug86xeV0UWCrzpVsGSgEV3rDt5l20zQ6b3pAoElt3vJ9W3NBVCecSkFLrjzZtkwXjZwc5mXgwKsQoVYgU/4AkNAn6eiE5NGSdjGYSRlmPVslLJSUN4UlSJ/3RObpIfoDDhI0oG51VPtdeb akshat@LAPTOP-67O237H4",
            "region": "us-east-1",
            "tags": null,
            "tags_all": {}
          },
          "sensitive_attributes": [],
          "identity_schema_version": 0,
          "private": "eyJzY2hlbWFfdmVyc2lvbiI6IjEifQ=="
        }
      ]
    },
    {
      "mode": "managed",
      "type": "aws_security_group",
      "name": "node_nginx_sg",
      "provider": "provider[\"registry.terraform.io/hashicorp/aws\"]",
      "instances": [
        {
          "schema_version": 1,
          "attributes": {
            "arn": "arn:aws:ec2:us-east-1:161156235135:security-group/sg-03ff0f0286f98f59c",
            "description": "Security Group",
            "egress": [
              {
                "cidr_blocks": [
                  "0.0.0.0/0"
                ],
                "description": "",
                "from_port": 0,
                "ipv6_cidr_blocks": [],
                "prefix_list_ids": [],
                "protocol": "-1",
                "security_groups": [],
                "self": false,
                "to_port": 0
              }
            ],
            "id": "sg-03ff0f0286f98f59c",
            "ingress": [
              {
                "cidr_blocks": [
                  "0.0.0.0/0"
                ],
                "description": "HTTP",
                "from_port": 80,
                "ipv6_cidr_blocks": [],
                "prefix_list_ids": [],
                "protocol": "tcp",
                "security_groups": [],
                "self": false,
                "to_port": 80
              },
              {
                "cidr_blocks": [
                  "0.0.0.0/0"
                ],
                "description": "SSH",
                "from_port": 22,
                "ipv6_cidr_blocks": [],
                "prefix_list_ids": [],
                "protocol": "tcp",
                "security_groups": [],
                "self": false,
                "to_port": 22
              }
            ],
            "name": "node_nginx_sg",
            "name_prefix": "",
            "owner_id": "161156235135",
            "region": "us-east-1",
            "revoke_rules_on_delete": false,
            "tags": null,
            "tags_all": {},
            "timeouts": null,
            "vpc_id": "vpc-08571bea835be5bf7"
          },
          "sensitive_attributes": [],
          "identity_schema_version": 0,
          "identity": {
            "account_id": "161156235135",
            "id": "sg-03ff0f0286f98f59c",
            "region": "us-east-1"
          },
          "private": "eyJlMmJmYjczMC1lY2FhLTExZTYtOGY4OC0zNDM2M2JjN2M0YzAiOnsiY3JlYXRlIjo2MDAwMDAwMDAwMDAsImRlbGV0ZSI6OTAwMDAwMDAwMDAwfSwic2NoZW1hX3ZlcnNpb24iOiIxIn0="
        }
      ]
    }
  ],
  "check_results": null
}
